
Microsoft Visual Studio Solution File, Format Version 12.00
# Visual Studio Version 17
VisualStudioVersion = 17.0.31903.59
MinimumVisualStudioVersion = 10.0.40219.1
Project("{2150E333-8FDC-42A3-9474-1A3956D46DE8}") = "src", "src", "{5605ABBE-7D22-4236-BA69-208D711E5EE0}"
EndProject
Project("{FAE04EC0-301F-11D3-BF4B-00C04F79EFBC}") = "DatafordelerGeoJsonExtractor", "src\DatafordelerGeoJsonExtractor\DatafordelerGeoJsonExtractor.csproj", "{7F6E12FE-A01B-4308-8EF2-11FE67864466}"
EndProject
Project("{2150E333-8FDC-42A3-9474-1A3956D46DE8}") = "test", "test", "{2B577B55-1312-4BF3-A737-51C98681FD24}"
EndProject
Project("{FAE04EC0-301F-11D3-BF4B-00C04F79EFBC}") = "DatafordelerGeoJsonExtractor.Tests", "test\DatafordelerGeoJsonExtractor.Tests\DatafordelerGeoJsonExtractor.Tests.csproj", "{2F68CA34-4F17-48C8-AAB7-74DCA9D59402}"
EndProject
Global
	GlobalSection(SolutionConfigurationPlatforms) = preSolution
		Debug|Any CPU = Debug|Any CPU
		Release|Any CPU = Release|Any CPU
	EndGlobalSection
	GlobalSection(SolutionProperties) = preSolution
		HideSolutionNode = FALSE
	EndGlobalSection
	GlobalSection(ProjectConfigurationPlatforms) = postSolution
		{7F6E12FE-A01B-4308-8EF2-11FE67864466}.Debug|Any CPU.ActiveCfg = Debug|Any CPU
		{7F6E12FE-A01B-4308-8EF2-11FE67864466}.Debug|Any CPU.Build.0 = Debug|Any CPU
		{7F6E12FE-A01B-4308-8EF2-11FE67864466}.Release|Any CPU.ActiveCfg = Release|Any CPU
		{7F6E12FE-A01B-4308-8EF2-11FE67864466}.Release|Any CPU.Build.0 = Release|Any CPU
		{2F68CA34-4F17-48C8-AAB7-74DCA9D59402}.Debug|Any CPU.ActiveCfg = Debug|Any CPU
		{2F68CA34-4F17-48C8-AAB7-74DCA9D59402}.Debug|Any CPU.Build.0 = Debug|Any CPU
		{2F68CA34-4F17-48C8-AAB7-74DCA9D59402}.Release|Any CPU.ActiveCfg = Release|Any CPU
		{2F68CA34-4F17-48C8-AAB7-74DCA9D59402}.Release|Any CPU.Build.0 = Release|Any CPU
	EndGlobalSection
	GlobalSection(NestedProjects) = preSolution
		{7F6E12FE-A01B-4308-8EF2-11FE67864466} = {5605ABBE-7D22-4236-BA69-208D711E5EE0}
		{2F68CA34-4F17-48C8-AAB7-74DCA9D59402} = {2B577B55-1312-4BF3-A737-51C98681FD24}
	EndGlobalSection
EndGlobal
